// !$*UTF8*$!
{
	archiveVersion = 1;
	classes = {
	};
	objectVersion = 50;
	objects = {

/* Begin PBXBuildFile section */
		1D019C4020AC42F700D50EDB /* EnergyUsage.swift in Sources */ = {isa = PBXBuildFile; fileRef = 1D019C3F20AC42F700D50EDB /* EnergyUsage.swift */; };
		1D1142D7207D43CE00AA99AB /* Token.swift in Sources */ = {isa = PBXBuildFile; fileRef = 1D1142D6207D43CE00AA99AB /* Token.swift */; };
		1D1CDA9620D28980008D8AB3 /* UIViewController + setTabBarHidden.swift in Sources */ = {isa = PBXBuildFile; fileRef = 1D1CDA9520D28980008D8AB3 /* UIViewController + setTabBarHidden.swift */; };
		1D35728120D8FD0F0012C342 /* EnergyViewController + TableView.swift in Sources */ = {isa = PBXBuildFile; fileRef = 1D35728020D8FD0F0012C342 /* EnergyViewController + TableView.swift */; };
		1D35728320D907F30012C342 /* DeviceHistory.swift in Sources */ = {isa = PBXBuildFile; fileRef = 1D35728220D907F30012C342 /* DeviceHistory.swift */; };
		1D380C452076B6140050CB2E /* UIDevice + ScreenType.swift in Sources */ = {isa = PBXBuildFile; fileRef = 1D380C442076B6140050CB2E /* UIDevice + ScreenType.swift */; };
		1D3F47B920D109CB00292EBE /* RecentRooms.swift in Sources */ = {isa = PBXBuildFile; fileRef = 1D3F47B820D109CB00292EBE /* RecentRooms.swift */; };
		1D3F47BB20D10B7600292EBE /* RecentRoom.swift in Sources */ = {isa = PBXBuildFile; fileRef = 1D3F47BA20D10B7600292EBE /* RecentRoom.swift */; };
		1D480FBD20CEF06C00DCD513 /* CategoryButtonTableViewCell.swift in Sources */ = {isa = PBXBuildFile; fileRef = 1D480FBC20CEF06C00DCD513 /* CategoryButtonTableViewCell.swift */; };
		1D480FBF20CEF6C000DCD513 /* TableViewCategory.swift in Sources */ = {isa = PBXBuildFile; fileRef = 1D480FBE20CEF6C000DCD513 /* TableViewCategory.swift */; };
		1D4F27B520AD818C005E99E9 /* UIScrollView + resizeScrollViewContentSize.swift in Sources */ = {isa = PBXBuildFile; fileRef = 1D4F27B420AD818C005E99E9 /* UIScrollView + resizeScrollViewContentSize.swift */; };
		1D5AE70E20C52BCC00B2CD66 /* Login.swift in Sources */ = {isa = PBXBuildFile; fileRef = 1D5AE70D20C52BCC00B2CD66 /* Login.swift */; };
		1D5AE71220C5624E00B2CD66 /* RoomHistory.swift in Sources */ = {isa = PBXBuildFile; fileRef = 1D5AE71120C5624E00B2CD66 /* RoomHistory.swift */; };
		1D75C35A207CE0A000CF947D /* UIColor + hexString.swift in Sources */ = {isa = PBXBuildFile; fileRef = 1D75C359207CE0A000CF947D /* UIColor + hexString.swift */; };
		1D7B3ED120BEC18B001DD701 /* House.swift in Sources */ = {isa = PBXBuildFile; fileRef = 1D7B3ED020BEC18B001DD701 /* House.swift */; };
		1D82D13E20BFFEE2008513EB /* EnergyPageControllerToPage.swift in Sources */ = {isa = PBXBuildFile; fileRef = 1D82D13D20BFFEE2008513EB /* EnergyPageControllerToPage.swift */; };
		1D913E6320AB6ADA00F5C119 /* RoomsViewController.swift in Sources */ = {isa = PBXBuildFile; fileRef = 1D913E6220AB6ADA00F5C119 /* RoomsViewController.swift */; };
		1D913E6520AB6B1300F5C119 /* RoomOverviewViewController.swift in Sources */ = {isa = PBXBuildFile; fileRef = 1D913E6420AB6B1300F5C119 /* RoomOverviewViewController.swift */; };
		1D913E6820AB6B5400F5C119 /* UIImageView + downloadedFrom.swift in Sources */ = {isa = PBXBuildFile; fileRef = 1D913E6720AB6B5400F5C119 /* UIImageView + downloadedFrom.swift */; };
		1D913E6920AB6C3B00F5C119 /* RoomsCollectionViewCell.swift in Sources */ = {isa = PBXBuildFile; fileRef = D08C6828209222EA00D47B07 /* RoomsCollectionViewCell.swift */; };
		1D913E6B20AB71B300F5C119 /* RoomSplitViewController.swift in Sources */ = {isa = PBXBuildFile; fileRef = 1D913E6A20AB71B300F5C119 /* RoomSplitViewController.swift */; };
		1DACFA612074FDF900D7222B /* AppDelegate.swift in Sources */ = {isa = PBXBuildFile; fileRef = 1DACFA602074FDF900D7222B /* AppDelegate.swift */; };
		1DACFA632074FDF900D7222B /* LoginViewController.swift in Sources */ = {isa = PBXBuildFile; fileRef = 1DACFA622074FDF900D7222B /* LoginViewController.swift */; };
		1DACFA662074FDF900D7222B /* Main.storyboard in Resources */ = {isa = PBXBuildFile; fileRef = 1DACFA642074FDF900D7222B /* Main.storyboard */; };
		1DACFA682074FDFB00D7222B /* Assets.xcassets in Resources */ = {isa = PBXBuildFile; fileRef = 1DACFA672074FDFB00D7222B /* Assets.xcassets */; };
		1DACFA6B2074FDFB00D7222B /* LaunchScreen.storyboard in Resources */ = {isa = PBXBuildFile; fileRef = 1DACFA692074FDFB00D7222B /* LaunchScreen.storyboard */; };
		1DACFA762074FDFB00D7222B /* ElectriDashTests.swift in Sources */ = {isa = PBXBuildFile; fileRef = 1DACFA752074FDFB00D7222B /* ElectriDashTests.swift */; };
		1DACFA8420750C7500D7222B /* Helper.swift in Sources */ = {isa = PBXBuildFile; fileRef = 1DACFA8320750C7500D7222B /* Helper.swift */; };
		1DACFA8620750D0800D7222B /* Constants.swift in Sources */ = {isa = PBXBuildFile; fileRef = 1DACFA8520750D0800D7222B /* Constants.swift */; };
		1DACFA8920750D7100D7222B /* UIView + addShadow.swift in Sources */ = {isa = PBXBuildFile; fileRef = 1DACFA8820750D7100D7222B /* UIView + addShadow.swift */; };
		1DB264EF2085F1BE00933465 /* OverviewViewController.swift in Sources */ = {isa = PBXBuildFile; fileRef = 1DB264ED2085F1BE00933465 /* OverviewViewController.swift */; };
		1DB264F02085F1BE00933465 /* GradientView.swift in Sources */ = {isa = PBXBuildFile; fileRef = 1DB264EE2085F1BE00933465 /* GradientView.swift */; };
		1DCDD67020D00077009E17AA /* OverviewViewController + Collection.swift in Sources */ = {isa = PBXBuildFile; fileRef = 1DCDD66F20D00077009E17AA /* OverviewViewController + Collection.swift */; };
		1DCDD67220D000C7009E17AA /* OverviewCollectionViewCell.swift in Sources */ = {isa = PBXBuildFile; fileRef = 1DCDD67120D000C7009E17AA /* OverviewCollectionViewCell.swift */; };
		1DEBAAA920BBF46F00BAD634 /* CustomButton.swift in Sources */ = {isa = PBXBuildFile; fileRef = 1DEBAAA820BBF46F00BAD634 /* CustomButton.swift */; };
		1DEBAAAB20BBFA6100BAD634 /* PeriodSettingViewController.swift in Sources */ = {isa = PBXBuildFile; fileRef = 1DEBAAAA20BBFA6100BAD634 /* PeriodSettingViewController.swift */; };
		1DEBAAAD20BBFC1900BAD634 /* PeriodSettingDelegate.swift in Sources */ = {isa = PBXBuildFile; fileRef = 1DEBAAAC20BBFC1900BAD634 /* PeriodSettingDelegate.swift */; };
		1DED93CA20A079DC006E50AE /* RoomViewController.swift in Sources */ = {isa = PBXBuildFile; fileRef = 1DED93C520A079DB006E50AE /* RoomViewController.swift */; };
		1DED93CB20A079DC006E50AE /* RoomDevicesViewController.swift in Sources */ = {isa = PBXBuildFile; fileRef = 1DED93C620A079DB006E50AE /* RoomDevicesViewController.swift */; };
		1DED93CD20A079DC006E50AE /* RoomHistoryViewController.swift in Sources */ = {isa = PBXBuildFile; fileRef = 1DED93C820A079DC006E50AE /* RoomHistoryViewController.swift */; };
		1DED93D520A079F7006E50AE /* EnergyDeviceDetailViewController.swift in Sources */ = {isa = PBXBuildFile; fileRef = 1DED93D020A079F6006E50AE /* EnergyDeviceDetailViewController.swift */; };
		1DED93D820A079F7006E50AE /* EnergyViewController.swift in Sources */ = {isa = PBXBuildFile; fileRef = 1DED93D320A079F6006E50AE /* EnergyViewController.swift */; };
		1DED93DB20A07A1A006E50AE /* UIApplication + topViewController.swift in Sources */ = {isa = PBXBuildFile; fileRef = 1DED93DA20A07A19006E50AE /* UIApplication + topViewController.swift */; };
		1DED93DE20A07A33006E50AE /* CustomView.swift in Sources */ = {isa = PBXBuildFile; fileRef = 1DED93DD20A07A32006E50AE /* CustomView.swift */; };
		1DED93E020A07A6A006E50AE /* Room.swift in Sources */ = {isa = PBXBuildFile; fileRef = 1DED93DF20A07A69006E50AE /* Room.swift */; };
		1DED93EB20A07A7A006E50AE /* RoomPageControllerToPage.swift in Sources */ = {isa = PBXBuildFile; fileRef = 1DED93E620A07A79006E50AE /* RoomPageControllerToPage.swift */; };
		1DF16B3720BEAA900050BBB8 /* Graph.swift in Sources */ = {isa = PBXBuildFile; fileRef = 1DF16B3620BEAA900050BBB8 /* Graph.swift */; };
		1DF16B3920BEAAAD0050BBB8 /* GraphEntry.swift in Sources */ = {isa = PBXBuildFile; fileRef = 1DF16B3820BEAAAD0050BBB8 /* GraphEntry.swift */; };
		6A6A8031130949950A51A3BD /* Pods_ElectriDashTests.framework in Frameworks */ = {isa = PBXBuildFile; fileRef = EF95507D8CCBC20C50C9C8F4 /* Pods_ElectriDashTests.framework */; };
		CADEABB4584FCAD9021030B9 /* Pods_ElectriDash.framework in Frameworks */ = {isa = PBXBuildFile; fileRef = 792F0FE146CE4D5D8344779B /* Pods_ElectriDash.framework */; };
		D0298DBD20B44043007630BD /* Device.swift in Sources */ = {isa = PBXBuildFile; fileRef = D0298DBC20B44043007630BD /* Device.swift */; };
		D0AA988820B5615000FDF12F /* DevicesTableViewCell.swift in Sources */ = {isa = PBXBuildFile; fileRef = D0AA988720B5615000FDF12F /* DevicesTableViewCell.swift */; };
/* End PBXBuildFile section */

/* Begin PBXContainerItemProxy section */
		1DACFA722074FDFB00D7222B /* PBXContainerItemProxy */ = {
			isa = PBXContainerItemProxy;
			containerPortal = 1DACFA552074FDF900D7222B /* Project object */;
			proxyType = 1;
			remoteGlobalIDString = 1DACFA5C2074FDF900D7222B;
			remoteInfo = ElectriDash;
		};
/* End PBXContainerItemProxy section */

/* Begin PBXFileReference section */
		1D019C3F20AC42F700D50EDB /* EnergyUsage.swift */ = {isa = PBXFileReference; lastKnownFileType = sourcecode.swift; path = EnergyUsage.swift; sourceTree = "<group>"; };
		1D1142D6207D43CE00AA99AB /* Token.swift */ = {isa = PBXFileReference; lastKnownFileType = sourcecode.swift; path = Token.swift; sourceTree = "<group>"; };
		1D1CDA9520D28980008D8AB3 /* UIViewController + setTabBarHidden.swift */ = {isa = PBXFileReference; lastKnownFileType = sourcecode.swift; path = "UIViewController + setTabBarHidden.swift"; sourceTree = "<group>"; };
		1D35728020D8FD0F0012C342 /* EnergyViewController + TableView.swift */ = {isa = PBXFileReference; lastKnownFileType = sourcecode.swift; path = "EnergyViewController + TableView.swift"; sourceTree = "<group>"; };
		1D35728220D907F30012C342 /* DeviceHistory.swift */ = {isa = PBXFileReference; lastKnownFileType = sourcecode.swift; path = DeviceHistory.swift; sourceTree = "<group>"; };
		1D380C442076B6140050CB2E /* UIDevice + ScreenType.swift */ = {isa = PBXFileReference; lastKnownFileType = sourcecode.swift; path = "UIDevice + ScreenType.swift"; sourceTree = "<group>"; };
		1D3F47B820D109CB00292EBE /* RecentRooms.swift */ = {isa = PBXFileReference; lastKnownFileType = sourcecode.swift; path = RecentRooms.swift; sourceTree = "<group>"; };
		1D3F47BA20D10B7600292EBE /* RecentRoom.swift */ = {isa = PBXFileReference; lastKnownFileType = sourcecode.swift; path = RecentRoom.swift; sourceTree = "<group>"; };
		1D480FBC20CEF06C00DCD513 /* CategoryButtonTableViewCell.swift */ = {isa = PBXFileReference; lastKnownFileType = sourcecode.swift; path = CategoryButtonTableViewCell.swift; sourceTree = "<group>"; };
		1D480FBE20CEF6C000DCD513 /* TableViewCategory.swift */ = {isa = PBXFileReference; lastKnownFileType = sourcecode.swift; path = TableViewCategory.swift; sourceTree = "<group>"; };
		1D4F27B420AD818C005E99E9 /* UIScrollView + resizeScrollViewContentSize.swift */ = {isa = PBXFileReference; lastKnownFileType = sourcecode.swift; path = "UIScrollView + resizeScrollViewContentSize.swift"; sourceTree = "<group>"; };
		1D5AE70D20C52BCC00B2CD66 /* Login.swift */ = {isa = PBXFileReference; lastKnownFileType = sourcecode.swift; path = Login.swift; sourceTree = "<group>"; };
		1D5AE71120C5624E00B2CD66 /* RoomHistory.swift */ = {isa = PBXFileReference; lastKnownFileType = sourcecode.swift; path = RoomHistory.swift; sourceTree = "<group>"; };
		1D75C359207CE0A000CF947D /* UIColor + hexString.swift */ = {isa = PBXFileReference; lastKnownFileType = sourcecode.swift; path = "UIColor + hexString.swift"; sourceTree = "<group>"; };
		1D7B3ED020BEC18B001DD701 /* House.swift */ = {isa = PBXFileReference; lastKnownFileType = sourcecode.swift; path = House.swift; sourceTree = "<group>"; };
		1D82D13D20BFFEE2008513EB /* EnergyPageControllerToPage.swift */ = {isa = PBXFileReference; lastKnownFileType = sourcecode.swift; path = EnergyPageControllerToPage.swift; sourceTree = "<group>"; };
		1D913E6220AB6ADA00F5C119 /* RoomsViewController.swift */ = {isa = PBXFileReference; lastKnownFileType = sourcecode.swift; path = RoomsViewController.swift; sourceTree = "<group>"; };
		1D913E6420AB6B1300F5C119 /* RoomOverviewViewController.swift */ = {isa = PBXFileReference; lastKnownFileType = sourcecode.swift; path = RoomOverviewViewController.swift; sourceTree = "<group>"; };
		1D913E6720AB6B5400F5C119 /* UIImageView + downloadedFrom.swift */ = {isa = PBXFileReference; lastKnownFileType = sourcecode.swift; path = "UIImageView + downloadedFrom.swift"; sourceTree = "<group>"; };
		1D913E6A20AB71B300F5C119 /* RoomSplitViewController.swift */ = {isa = PBXFileReference; lastKnownFileType = sourcecode.swift; path = RoomSplitViewController.swift; sourceTree = "<group>"; };
		1DACFA5D2074FDF900D7222B /* ElectriDash.app */ = {isa = PBXFileReference; explicitFileType = wrapper.application; includeInIndex = 0; path = ElectriDash.app; sourceTree = BUILT_PRODUCTS_DIR; };
		1DACFA602074FDF900D7222B /* AppDelegate.swift */ = {isa = PBXFileReference; lastKnownFileType = sourcecode.swift; path = AppDelegate.swift; sourceTree = "<group>"; };
		1DACFA622074FDF900D7222B /* LoginViewController.swift */ = {isa = PBXFileReference; lastKnownFileType = sourcecode.swift; path = LoginViewController.swift; sourceTree = "<group>"; };
		1DACFA652074FDF900D7222B /* Base */ = {isa = PBXFileReference; lastKnownFileType = file.storyboard; name = Base; path = Base.lproj/Main.storyboard; sourceTree = "<group>"; };
		1DACFA672074FDFB00D7222B /* Assets.xcassets */ = {isa = PBXFileReference; lastKnownFileType = folder.assetcatalog; path = Assets.xcassets; sourceTree = "<group>"; };
		1DACFA6A2074FDFB00D7222B /* Base */ = {isa = PBXFileReference; lastKnownFileType = file.storyboard; name = Base; path = Base.lproj/LaunchScreen.storyboard; sourceTree = "<group>"; };
		1DACFA6C2074FDFB00D7222B /* Info.plist */ = {isa = PBXFileReference; lastKnownFileType = text.plist.xml; path = Info.plist; sourceTree = "<group>"; };
		1DACFA712074FDFB00D7222B /* ElectriDashTests.xctest */ = {isa = PBXFileReference; explicitFileType = wrapper.cfbundle; includeInIndex = 0; path = ElectriDashTests.xctest; sourceTree = BUILT_PRODUCTS_DIR; };
		1DACFA752074FDFB00D7222B /* ElectriDashTests.swift */ = {isa = PBXFileReference; lastKnownFileType = sourcecode.swift; path = ElectriDashTests.swift; sourceTree = "<group>"; };
		1DACFA772074FDFB00D7222B /* Info.plist */ = {isa = PBXFileReference; lastKnownFileType = text.plist.xml; path = Info.plist; sourceTree = "<group>"; };
		1DACFA8320750C7500D7222B /* Helper.swift */ = {isa = PBXFileReference; lastKnownFileType = sourcecode.swift; path = Helper.swift; sourceTree = "<group>"; };
		1DACFA8520750D0800D7222B /* Constants.swift */ = {isa = PBXFileReference; lastKnownFileType = sourcecode.swift; path = Constants.swift; sourceTree = "<group>"; };
		1DACFA8820750D7100D7222B /* UIView + addShadow.swift */ = {isa = PBXFileReference; lastKnownFileType = sourcecode.swift; path = "UIView + addShadow.swift"; sourceTree = "<group>"; };
		1DB264ED2085F1BE00933465 /* OverviewViewController.swift */ = {isa = PBXFileReference; fileEncoding = 4; lastKnownFileType = sourcecode.swift; path = OverviewViewController.swift; sourceTree = "<group>"; };
		1DB264EE2085F1BE00933465 /* GradientView.swift */ = {isa = PBXFileReference; fileEncoding = 4; lastKnownFileType = sourcecode.swift; path = GradientView.swift; sourceTree = "<group>"; };
		1DCDD66F20D00077009E17AA /* OverviewViewController + Collection.swift */ = {isa = PBXFileReference; lastKnownFileType = sourcecode.swift; path = "OverviewViewController + Collection.swift"; sourceTree = "<group>"; };
		1DCDD67120D000C7009E17AA /* OverviewCollectionViewCell.swift */ = {isa = PBXFileReference; lastKnownFileType = sourcecode.swift; path = OverviewCollectionViewCell.swift; sourceTree = "<group>"; };
		1DEBAAA820BBF46F00BAD634 /* CustomButton.swift */ = {isa = PBXFileReference; lastKnownFileType = sourcecode.swift; path = CustomButton.swift; sourceTree = "<group>"; };
		1DEBAAAA20BBFA6100BAD634 /* PeriodSettingViewController.swift */ = {isa = PBXFileReference; lastKnownFileType = sourcecode.swift; path = PeriodSettingViewController.swift; sourceTree = "<group>"; };
		1DEBAAAC20BBFC1900BAD634 /* PeriodSettingDelegate.swift */ = {isa = PBXFileReference; lastKnownFileType = sourcecode.swift; path = PeriodSettingDelegate.swift; sourceTree = "<group>"; };
		1DED93C520A079DB006E50AE /* RoomViewController.swift */ = {isa = PBXFileReference; fileEncoding = 4; lastKnownFileType = sourcecode.swift; path = RoomViewController.swift; sourceTree = "<group>"; };
		1DED93C620A079DB006E50AE /* RoomDevicesViewController.swift */ = {isa = PBXFileReference; fileEncoding = 4; lastKnownFileType = sourcecode.swift; path = RoomDevicesViewController.swift; sourceTree = "<group>"; };
		1DED93C820A079DC006E50AE /* RoomHistoryViewController.swift */ = {isa = PBXFileReference; fileEncoding = 4; lastKnownFileType = sourcecode.swift; path = RoomHistoryViewController.swift; sourceTree = "<group>"; };
		1DED93D020A079F6006E50AE /* EnergyDeviceDetailViewController.swift */ = {isa = PBXFileReference; fileEncoding = 4; lastKnownFileType = sourcecode.swift; path = EnergyDeviceDetailViewController.swift; sourceTree = "<group>"; };
		1DED93D320A079F6006E50AE /* EnergyViewController.swift */ = {isa = PBXFileReference; fileEncoding = 4; lastKnownFileType = sourcecode.swift; path = EnergyViewController.swift; sourceTree = "<group>"; };
		1DED93DA20A07A19006E50AE /* UIApplication + topViewController.swift */ = {isa = PBXFileReference; fileEncoding = 4; lastKnownFileType = sourcecode.swift; path = "UIApplication + topViewController.swift"; sourceTree = "<group>"; };
		1DED93DD20A07A32006E50AE /* CustomView.swift */ = {isa = PBXFileReference; fileEncoding = 4; lastKnownFileType = sourcecode.swift; path = CustomView.swift; sourceTree = "<group>"; };
		1DED93DF20A07A69006E50AE /* Room.swift */ = {isa = PBXFileReference; fileEncoding = 4; lastKnownFileType = sourcecode.swift; path = Room.swift; sourceTree = "<group>"; };
		1DED93E620A07A79006E50AE /* RoomPageControllerToPage.swift */ = {isa = PBXFileReference; fileEncoding = 4; lastKnownFileType = sourcecode.swift; path = RoomPageControllerToPage.swift; sourceTree = "<group>"; };
		1DF16B3620BEAA900050BBB8 /* Graph.swift */ = {isa = PBXFileReference; lastKnownFileType = sourcecode.swift; path = Graph.swift; sourceTree = "<group>"; };
		1DF16B3820BEAAAD0050BBB8 /* GraphEntry.swift */ = {isa = PBXFileReference; lastKnownFileType = sourcecode.swift; path = GraphEntry.swift; sourceTree = "<group>"; };
		792F0FE146CE4D5D8344779B /* Pods_ElectriDash.framework */ = {isa = PBXFileReference; explicitFileType = wrapper.framework; includeInIndex = 0; path = Pods_ElectriDash.framework; sourceTree = BUILT_PRODUCTS_DIR; };
		C2A5B531919CB3425700C4EB /* Pods-ElectriDash.debug.xcconfig */ = {isa = PBXFileReference; includeInIndex = 1; lastKnownFileType = text.xcconfig; name = "Pods-ElectriDash.debug.xcconfig"; path = "Pods/Target Support Files/Pods-ElectriDash/Pods-ElectriDash.debug.xcconfig"; sourceTree = "<group>"; };
		D0298DBC20B44043007630BD /* Device.swift */ = {isa = PBXFileReference; lastKnownFileType = sourcecode.swift; path = Device.swift; sourceTree = "<group>"; };
		D08C6828209222EA00D47B07 /* RoomsCollectionViewCell.swift */ = {isa = PBXFileReference; lastKnownFileType = sourcecode.swift; path = RoomsCollectionViewCell.swift; sourceTree = "<group>"; };
		D0AA988720B5615000FDF12F /* DevicesTableViewCell.swift */ = {isa = PBXFileReference; lastKnownFileType = sourcecode.swift; path = DevicesTableViewCell.swift; sourceTree = "<group>"; };
		E8C089A67B8FC51EA1FACF6E /* Pods-ElectriDashTests.release.xcconfig */ = {isa = PBXFileReference; includeInIndex = 1; lastKnownFileType = text.xcconfig; name = "Pods-ElectriDashTests.release.xcconfig"; path = "Pods/Target Support Files/Pods-ElectriDashTests/Pods-ElectriDashTests.release.xcconfig"; sourceTree = "<group>"; };
		EF95507D8CCBC20C50C9C8F4 /* Pods_ElectriDashTests.framework */ = {isa = PBXFileReference; explicitFileType = wrapper.framework; includeInIndex = 0; path = Pods_ElectriDashTests.framework; sourceTree = BUILT_PRODUCTS_DIR; };
		F9E745F1CFBE76F1DBAB181F /* Pods-ElectriDash.release.xcconfig */ = {isa = PBXFileReference; includeInIndex = 1; lastKnownFileType = text.xcconfig; name = "Pods-ElectriDash.release.xcconfig"; path = "Pods/Target Support Files/Pods-ElectriDash/Pods-ElectriDash.release.xcconfig"; sourceTree = "<group>"; };
		FAD4A06742EC18FBCDEEEFF0 /* Pods-ElectriDashTests.debug.xcconfig */ = {isa = PBXFileReference; includeInIndex = 1; lastKnownFileType = text.xcconfig; name = "Pods-ElectriDashTests.debug.xcconfig"; path = "Pods/Target Support Files/Pods-ElectriDashTests/Pods-ElectriDashTests.debug.xcconfig"; sourceTree = "<group>"; };
/* End PBXFileReference section */

/* Begin PBXFrameworksBuildPhase section */
		1DACFA5A2074FDF900D7222B /* Frameworks */ = {
			isa = PBXFrameworksBuildPhase;
			buildActionMask = 2147483647;
			files = (
				CADEABB4584FCAD9021030B9 /* Pods_ElectriDash.framework in Frameworks */,
			);
			runOnlyForDeploymentPostprocessing = 0;
		};
		1DACFA6E2074FDFB00D7222B /* Frameworks */ = {
			isa = PBXFrameworksBuildPhase;
			buildActionMask = 2147483647;
			files = (
				6A6A8031130949950A51A3BD /* Pods_ElectriDashTests.framework in Frameworks */,
			);
			runOnlyForDeploymentPostprocessing = 0;
		};
/* End PBXFrameworksBuildPhase section */

/* Begin PBXGroup section */
		0EA6615BF26E1D38B2B8E96C /* Pods */ = {
			isa = PBXGroup;
			children = (
				C2A5B531919CB3425700C4EB /* Pods-ElectriDash.debug.xcconfig */,
				F9E745F1CFBE76F1DBAB181F /* Pods-ElectriDash.release.xcconfig */,
				FAD4A06742EC18FBCDEEEFF0 /* Pods-ElectriDashTests.debug.xcconfig */,
				E8C089A67B8FC51EA1FACF6E /* Pods-ElectriDashTests.release.xcconfig */,
			);
			name = Pods;
			sourceTree = "<group>";
		};
		1D1142D5207D3D5500AA99AB /* Objects */ = {
			isa = PBXGroup;
			children = (
				1D3F47BC20D10CB600292EBE /* RecentRooms */,
				1D88CD4220C9260500D2CD3C /* Login */,
				1DF16B3520BEAA740050BBB8 /* Graph */,
				1DED93DF20A07A69006E50AE /* Room.swift */,
				1D019C3F20AC42F700D50EDB /* EnergyUsage.swift */,
				1D1142D6207D43CE00AA99AB /* Token.swift */,
				1D7B3ED020BEC18B001DD701 /* House.swift */,
				D0298DBC20B44043007630BD /* Device.swift */,
			);
			path = Objects;
			sourceTree = "<group>";
		};
		1D3F47BC20D10CB600292EBE /* RecentRooms */ = {
			isa = PBXGroup;
			children = (
				1D3F47B820D109CB00292EBE /* RecentRooms.swift */,
				1D3F47BA20D10B7600292EBE /* RecentRoom.swift */,
			);
			path = RecentRooms;
			sourceTree = "<group>";
		};
		1D88CD4220C9260500D2CD3C /* Login */ = {
			isa = PBXGroup;
			children = (
				1D5AE70D20C52BCC00B2CD66 /* Login.swift */,
			);
			path = Login;
			sourceTree = "<group>";
		};
		1DA650E72090778300AD40E0 /* Rooms */ = {
			isa = PBXGroup;
			children = (
				1DED93C520A079DB006E50AE /* RoomViewController.swift */,
				1DED93C620A079DB006E50AE /* RoomDevicesViewController.swift */,
				1DED93C820A079DC006E50AE /* RoomHistoryViewController.swift */,
				1D913E6420AB6B1300F5C119 /* RoomOverviewViewController.swift */,
				D08C6828209222EA00D47B07 /* RoomsCollectionViewCell.swift */,
				1D913E6220AB6ADA00F5C119 /* RoomsViewController.swift */,
				1D913E6A20AB71B300F5C119 /* RoomSplitViewController.swift */,
				1DEBAAAA20BBFA6100BAD634 /* PeriodSettingViewController.swift */,
				D0AA988720B5615000FDF12F /* DevicesTableViewCell.swift */,
				1D480FBC20CEF06C00DCD513 /* CategoryButtonTableViewCell.swift */,
			);
			path = Rooms;
			sourceTree = "<group>";
		};
		1DACFA542074FDF900D7222B = {
			isa = PBXGroup;
			children = (
				1DACFA5F2074FDF900D7222B /* ElectriDash */,
				1DACFA742074FDFB00D7222B /* ElectriDashTests */,
				1DACFA5E2074FDF900D7222B /* Products */,
				0EA6615BF26E1D38B2B8E96C /* Pods */,
				2C8EDF8D0EF8EE343F5597F0 /* Frameworks */,
			);
			sourceTree = "<group>";
		};
		1DACFA5E2074FDF900D7222B /* Products */ = {
			isa = PBXGroup;
			children = (
				1DACFA5D2074FDF900D7222B /* ElectriDash.app */,
				1DACFA712074FDFB00D7222B /* ElectriDashTests.xctest */,
			);
			name = Products;
			sourceTree = "<group>";
		};
		1DACFA5F2074FDF900D7222B /* ElectriDash */ = {
			isa = PBXGroup;
			children = (
				1DED93E120A07A79006E50AE /* Protocol */,
				1DED93DC20A07A32006E50AE /* Customs */,
				1DED93CF20A079F6006E50AE /* Energy */,
				1DA650E72090778300AD40E0 /* Rooms */,
				1D1142D5207D3D5500AA99AB /* Objects */,
				1DACFA8720750D5400D7222B /* Extensions */,
				1DACFA8220750C5D00D7222B /* Utilities */,
				1DACFA812075073900D7222B /* Login */,
				1DB264EC2085F1BE00933465 /* Overview */,
				1DACFA602074FDF900D7222B /* AppDelegate.swift */,
				1DACFA672074FDFB00D7222B /* Assets.xcassets */,
				1DACFA642074FDF900D7222B /* Main.storyboard */,
				1DACFA692074FDFB00D7222B /* LaunchScreen.storyboard */,
				1DACFA6C2074FDFB00D7222B /* Info.plist */,
			);
			path = ElectriDash;
			sourceTree = "<group>";
		};
		1DACFA742074FDFB00D7222B /* ElectriDashTests */ = {
			isa = PBXGroup;
			children = (
				1DACFA752074FDFB00D7222B /* ElectriDashTests.swift */,
				1DACFA772074FDFB00D7222B /* Info.plist */,
			);
			path = ElectriDashTests;
			sourceTree = "<group>";
		};
		1DACFA812075073900D7222B /* Login */ = {
			isa = PBXGroup;
			children = (
				1DACFA622074FDF900D7222B /* LoginViewController.swift */,
			);
			path = Login;
			sourceTree = "<group>";
		};
		1DACFA8220750C5D00D7222B /* Utilities */ = {
			isa = PBXGroup;
			children = (
				1DACFA8320750C7500D7222B /* Helper.swift */,
				1DACFA8520750D0800D7222B /* Constants.swift */,
			);
			path = Utilities;
			sourceTree = "<group>";
		};
		1DACFA8720750D5400D7222B /* Extensions */ = {
			isa = PBXGroup;
			children = (
				1DACFA8820750D7100D7222B /* UIView + addShadow.swift */,
				1D380C442076B6140050CB2E /* UIDevice + ScreenType.swift */,
				1DED93DA20A07A19006E50AE /* UIApplication + topViewController.swift */,
				1D913E6720AB6B5400F5C119 /* UIImageView + downloadedFrom.swift */,
				1D75C359207CE0A000CF947D /* UIColor + hexString.swift */,
				1D4F27B420AD818C005E99E9 /* UIScrollView + resizeScrollViewContentSize.swift */,
				1D1CDA9520D28980008D8AB3 /* UIViewController + setTabBarHidden.swift */,
			);
			path = Extensions;
			sourceTree = "<group>";
		};
		1DB264EC2085F1BE00933465 /* Overview */ = {
			isa = PBXGroup;
			children = (
				1DB264ED2085F1BE00933465 /* OverviewViewController.swift */,
				1DB264EE2085F1BE00933465 /* GradientView.swift */,
				1DCDD66F20D00077009E17AA /* OverviewViewController + Collection.swift */,
				1DCDD67120D000C7009E17AA /* OverviewCollectionViewCell.swift */,
			);
			path = Overview;
			sourceTree = "<group>";
		};
		1DED93CF20A079F6006E50AE /* Energy */ = {
			isa = PBXGroup;
			children = (
				1DED93D320A079F6006E50AE /* EnergyViewController.swift */,
				1DED93D020A079F6006E50AE /* EnergyDeviceDetailViewController.swift */,
				1D35728020D8FD0F0012C342 /* EnergyViewController + TableView.swift */,
			);
			path = Energy;
			sourceTree = "<group>";
		};
		1DED93DC20A07A32006E50AE /* Customs */ = {
			isa = PBXGroup;
			children = (
				1DED93DD20A07A32006E50AE /* CustomView.swift */,
				1DEBAAA820BBF46F00BAD634 /* CustomButton.swift */,
			);
			path = Customs;
			sourceTree = "<group>";
		};
		1DED93E120A07A79006E50AE /* Protocol */ = {
			isa = PBXGroup;
			children = (
				1DED93E620A07A79006E50AE /* RoomPageControllerToPage.swift */,
				1D82D13D20BFFEE2008513EB /* EnergyPageControllerToPage.swift */,
				1DEBAAAC20BBFC1900BAD634 /* PeriodSettingDelegate.swift */,
				1D480FBE20CEF6C000DCD513 /* TableViewCategory.swift */,
			);
			path = Protocol;
			sourceTree = "<group>";
		};
		1DF16B3520BEAA740050BBB8 /* Graph */ = {
			isa = PBXGroup;
			children = (
				1DF16B3620BEAA900050BBB8 /* Graph.swift */,
				1DF16B3820BEAAAD0050BBB8 /* GraphEntry.swift */,
				1D5AE71120C5624E00B2CD66 /* RoomHistory.swift */,
				1D35728220D907F30012C342 /* DeviceHistory.swift */,
			);
			path = Graph;
			sourceTree = "<group>";
		};
		2C8EDF8D0EF8EE343F5597F0 /* Frameworks */ = {
			isa = PBXGroup;
			children = (
				792F0FE146CE4D5D8344779B /* Pods_ElectriDash.framework */,
				EF95507D8CCBC20C50C9C8F4 /* Pods_ElectriDashTests.framework */,
			);
			name = Frameworks;
			sourceTree = "<group>";
		};
/* End PBXGroup section */

/* Begin PBXNativeTarget section */
		1DACFA5C2074FDF900D7222B /* ElectriDash */ = {
			isa = PBXNativeTarget;
			buildConfigurationList = 1DACFA7A2074FDFB00D7222B /* Build configuration list for PBXNativeTarget "ElectriDash" */;
			buildPhases = (
				DA4BCA0F4EBB4BDE5E49D6B2 /* [CP] Check Pods Manifest.lock */,
				1DACFA592074FDF900D7222B /* Sources */,
				1DACFA5A2074FDF900D7222B /* Frameworks */,
				1DACFA5B2074FDF900D7222B /* Resources */,
				58BC2E979C770AC147FEBA99 /* [CP] Embed Pods Frameworks */,
			);
			buildRules = (
			);
			dependencies = (
			);
			name = ElectriDash;
			productName = ElectriDash;
			productReference = 1DACFA5D2074FDF900D7222B /* ElectriDash.app */;
			productType = "com.apple.product-type.application";
		};
		1DACFA702074FDFB00D7222B /* ElectriDashTests */ = {
			isa = PBXNativeTarget;
			buildConfigurationList = 1DACFA7D2074FDFB00D7222B /* Build configuration list for PBXNativeTarget "ElectriDashTests" */;
			buildPhases = (
				1C64A98DA99B4C438280A09F /* [CP] Check Pods Manifest.lock */,
				1DACFA6D2074FDFB00D7222B /* Sources */,
				1DACFA6E2074FDFB00D7222B /* Frameworks */,
				1DACFA6F2074FDFB00D7222B /* Resources */,
			);
			buildRules = (
			);
			dependencies = (
				1DACFA732074FDFB00D7222B /* PBXTargetDependency */,
			);
			name = ElectriDashTests;
			productName = ElectriDashTests;
			productReference = 1DACFA712074FDFB00D7222B /* ElectriDashTests.xctest */;
			productType = "com.apple.product-type.bundle.unit-test";
		};
/* End PBXNativeTarget section */

/* Begin PBXProject section */
		1DACFA552074FDF900D7222B /* Project object */ = {
			isa = PBXProject;
			attributes = {
				LastSwiftUpdateCheck = 0930;
				LastUpgradeCheck = 0930;
				ORGANIZATIONNAME = "Rick van Weersel";
				TargetAttributes = {
					1DACFA5C2074FDF900D7222B = {
						CreatedOnToolsVersion = 9.3;
					};
					1DACFA702074FDFB00D7222B = {
						CreatedOnToolsVersion = 9.3;
						TestTargetID = 1DACFA5C2074FDF900D7222B;
					};
				};
			};
			buildConfigurationList = 1DACFA582074FDF900D7222B /* Build configuration list for PBXProject "ElectriDash" */;
			compatibilityVersion = "Xcode 9.3";
			developmentRegion = en;
			hasScannedForEncodings = 0;
			knownRegions = (
				en,
				Base,
			);
			mainGroup = 1DACFA542074FDF900D7222B;
			productRefGroup = 1DACFA5E2074FDF900D7222B /* Products */;
			projectDirPath = "";
			projectRoot = "";
			targets = (
				1DACFA5C2074FDF900D7222B /* ElectriDash */,
				1DACFA702074FDFB00D7222B /* ElectriDashTests */,
			);
		};
/* End PBXProject section */

/* Begin PBXResourcesBuildPhase section */
		1DACFA5B2074FDF900D7222B /* Resources */ = {
			isa = PBXResourcesBuildPhase;
			buildActionMask = 2147483647;
			files = (
				1DACFA6B2074FDFB00D7222B /* LaunchScreen.storyboard in Resources */,
				1DACFA682074FDFB00D7222B /* Assets.xcassets in Resources */,
				1DACFA662074FDF900D7222B /* Main.storyboard in Resources */,
			);
			runOnlyForDeploymentPostprocessing = 0;
		};
		1DACFA6F2074FDFB00D7222B /* Resources */ = {
			isa = PBXResourcesBuildPhase;
			buildActionMask = 2147483647;
			files = (
			);
			runOnlyForDeploymentPostprocessing = 0;
		};
/* End PBXResourcesBuildPhase section */

/* Begin PBXShellScriptBuildPhase section */
		1C64A98DA99B4C438280A09F /* [CP] Check Pods Manifest.lock */ = {
			isa = PBXShellScriptBuildPhase;
			buildActionMask = 2147483647;
			files = (
			);
			inputPaths = (
				"${PODS_PODFILE_DIR_PATH}/Podfile.lock",
				"${PODS_ROOT}/Manifest.lock",
			);
			name = "[CP] Check Pods Manifest.lock";
			outputPaths = (
				"$(DERIVED_FILE_DIR)/Pods-ElectriDashTests-checkManifestLockResult.txt",
			);
			runOnlyForDeploymentPostprocessing = 0;
			shellPath = /bin/sh;
			shellScript = "diff \"${PODS_PODFILE_DIR_PATH}/Podfile.lock\" \"${PODS_ROOT}/Manifest.lock\" > /dev/null\nif [ $? != 0 ] ; then\n    # print error to STDERR\n    echo \"error: The sandbox is not in sync with the Podfile.lock. Run 'pod install' or update your CocoaPods installation.\" >&2\n    exit 1\nfi\n# This output is used by Xcode 'outputs' to avoid re-running this script phase.\necho \"SUCCESS\" > \"${SCRIPT_OUTPUT_FILE_0}\"\n";
			showEnvVarsInLog = 0;
		};
		58BC2E979C770AC147FEBA99 /* [CP] Embed Pods Frameworks */ = {
			isa = PBXShellScriptBuildPhase;
			buildActionMask = 2147483647;
			files = (
			);
			inputPaths = (
				"${SRCROOT}/Pods/Target Support Files/Pods-ElectriDash/Pods-ElectriDash-frameworks.sh",
				"${BUILT_PRODUCTS_DIR}/Alamofire/Alamofire.framework",
				"${BUILT_PRODUCTS_DIR}/JWTDecode/JWTDecode.framework",
				"${BUILT_PRODUCTS_DIR}/KeychainAccess/KeychainAccess.framework",
				"${BUILT_PRODUCTS_DIR}/M13Checkbox/M13Checkbox.framework",
				"${BUILT_PRODUCTS_DIR}/ScrollableGraphView/ScrollableGraphView.framework",
			);
			name = "[CP] Embed Pods Frameworks";
			outputPaths = (
				"${TARGET_BUILD_DIR}/${FRAMEWORKS_FOLDER_PATH}/Alamofire.framework",
				"${TARGET_BUILD_DIR}/${FRAMEWORKS_FOLDER_PATH}/JWTDecode.framework",
				"${TARGET_BUILD_DIR}/${FRAMEWORKS_FOLDER_PATH}/KeychainAccess.framework",
				"${TARGET_BUILD_DIR}/${FRAMEWORKS_FOLDER_PATH}/M13Checkbox.framework",
				"${TARGET_BUILD_DIR}/${FRAMEWORKS_FOLDER_PATH}/ScrollableGraphView.framework",
			);
			runOnlyForDeploymentPostprocessing = 0;
			shellPath = /bin/sh;
			shellScript = "\"${SRCROOT}/Pods/Target Support Files/Pods-ElectriDash/Pods-ElectriDash-frameworks.sh\"\n";
			showEnvVarsInLog = 0;
		};
		DA4BCA0F4EBB4BDE5E49D6B2 /* [CP] Check Pods Manifest.lock */ = {
			isa = PBXShellScriptBuildPhase;
			buildActionMask = 2147483647;
			files = (
			);
			inputPaths = (
				"${PODS_PODFILE_DIR_PATH}/Podfile.lock",
				"${PODS_ROOT}/Manifest.lock",
			);
			name = "[CP] Check Pods Manifest.lock";
			outputPaths = (
				"$(DERIVED_FILE_DIR)/Pods-ElectriDash-checkManifestLockResult.txt",
			);
			runOnlyForDeploymentPostprocessing = 0;
			shellPath = /bin/sh;
			shellScript = "diff \"${PODS_PODFILE_DIR_PATH}/Podfile.lock\" \"${PODS_ROOT}/Manifest.lock\" > /dev/null\nif [ $? != 0 ] ; then\n    # print error to STDERR\n    echo \"error: The sandbox is not in sync with the Podfile.lock. Run 'pod install' or update your CocoaPods installation.\" >&2\n    exit 1\nfi\n# This output is used by Xcode 'outputs' to avoid re-running this script phase.\necho \"SUCCESS\" > \"${SCRIPT_OUTPUT_FILE_0}\"\n";
			showEnvVarsInLog = 0;
		};
/* End PBXShellScriptBuildPhase section */

/* Begin PBXSourcesBuildPhase section */
		1DACFA592074FDF900D7222B /* Sources */ = {
			isa = PBXSourcesBuildPhase;
			buildActionMask = 2147483647;
			files = (
				1D913E6B20AB71B300F5C119 /* RoomSplitViewController.swift in Sources */,
				1D35728320D907F30012C342 /* DeviceHistory.swift in Sources */,
				D0AA988820B5615000FDF12F /* DevicesTableViewCell.swift in Sources */,
				1DED93D820A079F7006E50AE /* EnergyViewController.swift in Sources */,
				D0298DBD20B44043007630BD /* Device.swift in Sources */,
				1D75C35A207CE0A000CF947D /* UIColor + hexString.swift in Sources */,
				1D82D13E20BFFEE2008513EB /* EnergyPageControllerToPage.swift in Sources */,
				1D380C452076B6140050CB2E /* UIDevice + ScreenType.swift in Sources */,
				1DCDD67020D00077009E17AA /* OverviewViewController + Collection.swift in Sources */,
				1D480FBD20CEF06C00DCD513 /* CategoryButtonTableViewCell.swift in Sources */,
				1DB264F02085F1BE00933465 /* GradientView.swift in Sources */,
				1D913E6320AB6ADA00F5C119 /* RoomsViewController.swift in Sources */,
				1DB264EF2085F1BE00933465 /* OverviewViewController.swift in Sources */,
				1D913E6920AB6C3B00F5C119 /* RoomsCollectionViewCell.swift in Sources */,
				1DCDD67220D000C7009E17AA /* OverviewCollectionViewCell.swift in Sources */,
				1D4F27B520AD818C005E99E9 /* UIScrollView + resizeScrollViewContentSize.swift in Sources */,
				1D913E6520AB6B1300F5C119 /* RoomOverviewViewController.swift in Sources */,
				1DEBAAAB20BBFA6100BAD634 /* PeriodSettingViewController.swift in Sources */,
				1DACFA8920750D7100D7222B /* UIView + addShadow.swift in Sources */,
				1D3F47B920D109CB00292EBE /* RecentRooms.swift in Sources */,
				1DED93D520A079F7006E50AE /* EnergyDeviceDetailViewController.swift in Sources */,
				1DACFA632074FDF900D7222B /* LoginViewController.swift in Sources */,
				1DEBAAA920BBF46F00BAD634 /* CustomButton.swift in Sources */,
				1D35728120D8FD0F0012C342 /* EnergyViewController + TableView.swift in Sources */,
				1DED93DB20A07A1A006E50AE /* UIApplication + topViewController.swift in Sources */,
				1DF16B3720BEAA900050BBB8 /* Graph.swift in Sources */,
				1DEBAAAD20BBFC1900BAD634 /* PeriodSettingDelegate.swift in Sources */,
				1DED93CA20A079DC006E50AE /* RoomViewController.swift in Sources */,
				1D1CDA9620D28980008D8AB3 /* UIViewController + setTabBarHidden.swift in Sources */,
				1D3F47BB20D10B7600292EBE /* RecentRoom.swift in Sources */,
				1D5AE70E20C52BCC00B2CD66 /* Login.swift in Sources */,
				1DED93E020A07A6A006E50AE /* Room.swift in Sources */,
				1DED93EB20A07A7A006E50AE /* RoomPageControllerToPage.swift in Sources */,
				1D019C4020AC42F700D50EDB /* EnergyUsage.swift in Sources */,
				1DF16B3920BEAAAD0050BBB8 /* GraphEntry.swift in Sources */,
				1DACFA612074FDF900D7222B /* AppDelegate.swift in Sources */,
				1DACFA8420750C7500D7222B /* Helper.swift in Sources */,
				1D7B3ED120BEC18B001DD701 /* House.swift in Sources */,
				1DED93CB20A079DC006E50AE /* RoomDevicesViewController.swift in Sources */,
				1DED93DE20A07A33006E50AE /* CustomView.swift in Sources */,
				1D5AE71220C5624E00B2CD66 /* RoomHistory.swift in Sources */,
				1DED93CD20A079DC006E50AE /* RoomHistoryViewController.swift in Sources */,
				1D913E6820AB6B5400F5C119 /* UIImageView + downloadedFrom.swift in Sources */,
				1D480FBF20CEF6C000DCD513 /* TableViewCategory.swift in Sources */,
				1DACFA8620750D0800D7222B /* Constants.swift in Sources */,
				1D1142D7207D43CE00AA99AB /* Token.swift in Sources */,
			);
			runOnlyForDeploymentPostprocessing = 0;
		};
		1DACFA6D2074FDFB00D7222B /* Sources */ = {
			isa = PBXSourcesBuildPhase;
			buildActionMask = 2147483647;
			files = (
				1DACFA762074FDFB00D7222B /* ElectriDashTests.swift in Sources */,
			);
			runOnlyForDeploymentPostprocessing = 0;
		};
/* End PBXSourcesBuildPhase section */

/* Begin PBXTargetDependency section */
		1DACFA732074FDFB00D7222B /* PBXTargetDependency */ = {
			isa = PBXTargetDependency;
			target = 1DACFA5C2074FDF900D7222B /* ElectriDash */;
			targetProxy = 1DACFA722074FDFB00D7222B /* PBXContainerItemProxy */;
		};
/* End PBXTargetDependency section */

/* Begin PBXVariantGroup section */
		1DACFA642074FDF900D7222B /* Main.storyboard */ = {
			isa = PBXVariantGroup;
			children = (
				1DACFA652074FDF900D7222B /* Base */,
			);
			name = Main.storyboard;
			sourceTree = "<group>";
		};
		1DACFA692074FDFB00D7222B /* LaunchScreen.storyboard */ = {
			isa = PBXVariantGroup;
			children = (
				1DACFA6A2074FDFB00D7222B /* Base */,
			);
			name = LaunchScreen.storyboard;
			sourceTree = "<group>";
		};
/* End PBXVariantGroup section */

/* Begin XCBuildConfiguration section */
		1DACFA782074FDFB00D7222B /* Debug */ = {
			isa = XCBuildConfiguration;
			buildSettings = {
				ALWAYS_SEARCH_USER_PATHS = NO;
				CLANG_ANALYZER_NONNULL = YES;
				CLANG_ANALYZER_NUMBER_OBJECT_CONVERSION = YES_AGGRESSIVE;
				CLANG_CXX_LANGUAGE_STANDARD = "gnu++14";
				CLANG_CXX_LIBRARY = "libc++";
				CLANG_ENABLE_MODULES = YES;
				CLANG_ENABLE_OBJC_ARC = YES;
				CLANG_ENABLE_OBJC_WEAK = YES;
				CLANG_WARN_BLOCK_CAPTURE_AUTORELEASING = YES;
				CLANG_WARN_BOOL_CONVERSION = YES;
				CLANG_WARN_COMMA = YES;
				CLANG_WARN_CONSTANT_CONVERSION = YES;
				CLANG_WARN_DEPRECATED_OBJC_IMPLEMENTATIONS = YES;
				CLANG_WARN_DIRECT_OBJC_ISA_USAGE = YES_ERROR;
				CLANG_WARN_DOCUMENTATION_COMMENTS = YES;
				CLANG_WARN_EMPTY_BODY = YES;
				CLANG_WARN_ENUM_CONVERSION = YES;
				CLANG_WARN_INFINITE_RECURSION = YES;
				CLANG_WARN_INT_CONVERSION = YES;
				CLANG_WARN_NON_LITERAL_NULL_CONVERSION = YES;
				CLANG_WARN_OBJC_IMPLICIT_RETAIN_SELF = YES;
				CLANG_WARN_OBJC_LITERAL_CONVERSION = YES;
				CLANG_WARN_OBJC_ROOT_CLASS = YES_ERROR;
				CLANG_WARN_RANGE_LOOP_ANALYSIS = YES;
				CLANG_WARN_STRICT_PROTOTYPES = YES;
				CLANG_WARN_SUSPICIOUS_MOVE = YES;
				CLANG_WARN_UNGUARDED_AVAILABILITY = YES_AGGRESSIVE;
				CLANG_WARN_UNREACHABLE_CODE = YES;
				CLANG_WARN__DUPLICATE_METHOD_MATCH = YES;
				CODE_SIGN_IDENTITY = "iPhone Developer";
				COPY_PHASE_STRIP = NO;
				DEBUG_INFORMATION_FORMAT = dwarf;
				ENABLE_STRICT_OBJC_MSGSEND = YES;
				ENABLE_TESTABILITY = YES;
				GCC_C_LANGUAGE_STANDARD = gnu11;
				GCC_DYNAMIC_NO_PIC = NO;
				GCC_NO_COMMON_BLOCKS = YES;
				GCC_OPTIMIZATION_LEVEL = 0;
				GCC_PREPROCESSOR_DEFINITIONS = (
					"DEBUG=1",
					"$(inherited)",
				);
				GCC_WARN_64_TO_32_BIT_CONVERSION = YES;
				GCC_WARN_ABOUT_RETURN_TYPE = YES_ERROR;
				GCC_WARN_UNDECLARED_SELECTOR = YES;
				GCC_WARN_UNINITIALIZED_AUTOS = YES_AGGRESSIVE;
				GCC_WARN_UNUSED_FUNCTION = YES;
				GCC_WARN_UNUSED_VARIABLE = YES;
				IPHONEOS_DEPLOYMENT_TARGET = 9.0;
				MTL_ENABLE_DEBUG_INFO = YES;
				ONLY_ACTIVE_ARCH = YES;
				SDKROOT = iphoneos;
				SWIFT_ACTIVE_COMPILATION_CONDITIONS = DEBUG;
				SWIFT_OPTIMIZATION_LEVEL = "-Onone";
			};
			name = Debug;
		};
		1DACFA792074FDFB00D7222B /* Release */ = {
			isa = XCBuildConfiguration;
			buildSettings = {
				ALWAYS_SEARCH_USER_PATHS = NO;
				CLANG_ANALYZER_NONNULL = YES;
				CLANG_ANALYZER_NUMBER_OBJECT_CONVERSION = YES_AGGRESSIVE;
				CLANG_CXX_LANGUAGE_STANDARD = "gnu++14";
				CLANG_CXX_LIBRARY = "libc++";
				CLANG_ENABLE_MODULES = YES;
				CLANG_ENABLE_OBJC_ARC = YES;
				CLANG_ENABLE_OBJC_WEAK = YES;
				CLANG_WARN_BLOCK_CAPTURE_AUTORELEASING = YES;
				CLANG_WARN_BOOL_CONVERSION = YES;
				CLANG_WARN_COMMA = YES;
				CLANG_WARN_CONSTANT_CONVERSION = YES;
				CLANG_WARN_DEPRECATED_OBJC_IMPLEMENTATIONS = YES;
				CLANG_WARN_DIRECT_OBJC_ISA_USAGE = YES_ERROR;
				CLANG_WARN_DOCUMENTATION_COMMENTS = YES;
				CLANG_WARN_EMPTY_BODY = YES;
				CLANG_WARN_ENUM_CONVERSION = YES;
				CLANG_WARN_INFINITE_RECURSION = YES;
				CLANG_WARN_INT_CONVERSION = YES;
				CLANG_WARN_NON_LITERAL_NULL_CONVERSION = YES;
				CLANG_WARN_OBJC_IMPLICIT_RETAIN_SELF = YES;
				CLANG_WARN_OBJC_LITERAL_CONVERSION = YES;
				CLANG_WARN_OBJC_ROOT_CLASS = YES_ERROR;
				CLANG_WARN_RANGE_LOOP_ANALYSIS = YES;
				CLANG_WARN_STRICT_PROTOTYPES = YES;
				CLANG_WARN_SUSPICIOUS_MOVE = YES;
				CLANG_WARN_UNGUARDED_AVAILABILITY = YES_AGGRESSIVE;
				CLANG_WARN_UNREACHABLE_CODE = YES;
				CLANG_WARN__DUPLICATE_METHOD_MATCH = YES;
				CODE_SIGN_IDENTITY = "iPhone Developer";
				COPY_PHASE_STRIP = NO;
				DEBUG_INFORMATION_FORMAT = "dwarf-with-dsym";
				ENABLE_NS_ASSERTIONS = NO;
				ENABLE_STRICT_OBJC_MSGSEND = YES;
				GCC_C_LANGUAGE_STANDARD = gnu11;
				GCC_NO_COMMON_BLOCKS = YES;
				GCC_WARN_64_TO_32_BIT_CONVERSION = YES;
				GCC_WARN_ABOUT_RETURN_TYPE = YES_ERROR;
				GCC_WARN_UNDECLARED_SELECTOR = YES;
				GCC_WARN_UNINITIALIZED_AUTOS = YES_AGGRESSIVE;
				GCC_WARN_UNUSED_FUNCTION = YES;
				GCC_WARN_UNUSED_VARIABLE = YES;
				IPHONEOS_DEPLOYMENT_TARGET = 9.0;
				MTL_ENABLE_DEBUG_INFO = NO;
				SDKROOT = iphoneos;
				SWIFT_COMPILATION_MODE = wholemodule;
				SWIFT_OPTIMIZATION_LEVEL = "-O";
				VALIDATE_PRODUCT = YES;
			};
			name = Release;
		};
		1DACFA7B2074FDFB00D7222B /* Debug */ = {
			isa = XCBuildConfiguration;
			baseConfigurationReference = C2A5B531919CB3425700C4EB /* Pods-ElectriDash.debug.xcconfig */;
			buildSettings = {
				ASSETCATALOG_COMPILER_APPICON_NAME = AppIcon;
				CODE_SIGN_STYLE = Automatic;
				DEVELOPMENT_TEAM = 63D3S34CPT;
				INFOPLIST_FILE = ElectriDash/Info.plist;
				IPHONEOS_DEPLOYMENT_TARGET = 9.0;
				LD_RUNPATH_SEARCH_PATHS = (
					"$(inherited)",
					"@executable_path/Frameworks",
				);
				PRODUCT_BUNDLE_IDENTIFIER = xom.smarthome.EnergyDash;
				PRODUCT_NAME = "$(TARGET_NAME)";
				SWIFT_VERSION = 4.0;
				TARGETED_DEVICE_FAMILY = "1,2";
			};
			name = Debug;
		};
		1DACFA7C2074FDFB00D7222B /* Release */ = {
			isa = XCBuildConfiguration;
			baseConfigurationReference = F9E745F1CFBE76F1DBAB181F /* Pods-ElectriDash.release.xcconfig */;
			buildSettings = {
				ASSETCATALOG_COMPILER_APPICON_NAME = AppIcon;
				CODE_SIGN_STYLE = Automatic;
				DEVELOPMENT_TEAM = 63D3S34CPT;
				INFOPLIST_FILE = ElectriDash/Info.plist;
				IPHONEOS_DEPLOYMENT_TARGET = 9.0;
				LD_RUNPATH_SEARCH_PATHS = (
					"$(inherited)",
					"@executable_path/Frameworks",
				);
				PRODUCT_BUNDLE_IDENTIFIER = xom.smarthome.EnergyDash;
				PRODUCT_NAME = "$(TARGET_NAME)";
				SWIFT_VERSION = 4.0;
				TARGETED_DEVICE_FAMILY = "1,2";
			};
			name = Release;
		};
		1DACFA7E2074FDFB00D7222B /* Debug */ = {
			isa = XCBuildConfiguration;
			baseConfigurationReference = FAD4A06742EC18FBCDEEEFF0 /* Pods-ElectriDashTests.debug.xcconfig */;
			buildSettings = {
				ALWAYS_EMBED_SWIFT_STANDARD_LIBRARIES = YES;
				BUNDLE_LOADER = "$(TEST_HOST)";
				CODE_SIGN_STYLE = Automatic;
				DEVELOPMENT_TEAM = 63D3S34CPT;
				INFOPLIST_FILE = ElectriDashTests/Info.plist;
				LD_RUNPATH_SEARCH_PATHS = (
					"$(inherited)",
					"@executable_path/Frameworks",
					"@loader_path/Frameworks",
				);
				PRODUCT_BUNDLE_IDENTIFIER = xom.smarthome.ElectriDashTests;
				PRODUCT_NAME = "$(TARGET_NAME)";
				SWIFT_VERSION = 4.0;
				TARGETED_DEVICE_FAMILY = "1,2";
				TEST_HOST = "$(BUILT_PRODUCTS_DIR)/ElectriDash.app/ElectriDash";
			};
			name = Debug;
		};
		1DACFA7F2074FDFB00D7222B /* Release */ = {
			isa = XCBuildConfiguration;
			baseConfigurationReference = E8C089A67B8FC51EA1FACF6E /* Pods-ElectriDashTests.release.xcconfig */;
			buildSettings = {
				ALWAYS_EMBED_SWIFT_STANDARD_LIBRARIES = YES;
				BUNDLE_LOADER = "$(TEST_HOST)";
				CODE_SIGN_STYLE = Automatic;
				DEVELOPMENT_TEAM = 63D3S34CPT;
				INFOPLIST_FILE = ElectriDashTests/Info.plist;
				LD_RUNPATH_SEARCH_PATHS = (
					"$(inherited)",
					"@executable_path/Frameworks",
					"@loader_path/Frameworks",
				);
				PRODUCT_BUNDLE_IDENTIFIER = xom.smarthome.ElectriDashTests;
				PRODUCT_NAME = "$(TARGET_NAME)";
				SWIFT_VERSION = 4.0;
				TARGETED_DEVICE_FAMILY = "1,2";
				TEST_HOST = "$(BUILT_PRODUCTS_DIR)/ElectriDash.app/ElectriDash";
			};
			name = Release;
		};
/* End XCBuildConfiguration section */

/* Begin XCConfigurationList section */
		1DACFA582074FDF900D7222B /* Build configuration list for PBXProject "ElectriDash" */ = {
			isa = XCConfigurationList;
			buildConfigurations = (
				1DACFA782074FDFB00D7222B /* Debug */,
				1DACFA792074FDFB00D7222B /* Release */,
			);
			defaultConfigurationIsVisible = 0;
			defaultConfigurationName = Release;
		};
		1DACFA7A2074FDFB00D7222B /* Build configuration list for PBXNativeTarget "ElectriDash" */ = {
			isa = XCConfigurationList;
			buildConfigurations = (
				1DACFA7B2074FDFB00D7222B /* Debug */,
				1DACFA7C2074FDFB00D7222B /* Release */,
			);
			defaultConfigurationIsVisible = 0;
			defaultConfigurationName = Release;
		};
		1DACFA7D2074FDFB00D7222B /* Build configuration list for PBXNativeTarget "ElectriDashTests" */ = {
			isa = XCConfigurationList;
			buildConfigurations = (
				1DACFA7E2074FDFB00D7222B /* Debug */,
				1DACFA7F2074FDFB00D7222B /* Release */,
			);
			defaultConfigurationIsVisible = 0;
			defaultConfigurationName = Release;
		};
/* End XCConfigurationList section */
	};
	rootObject = 1DACFA552074FDF900D7222B /* Project object */;
}
