PODS:
  - Alamofire (4.7.1)
  - JWTDecode (2.1.1)
  - KeychainAccess (3.1.0)

DEPENDENCIES:
  - Alamofire (~> 4.7)
  - JWTDecode (~> 2.1)
  - KeychainAccess

SPEC REPOS:
  https://github.com/CocoaPods/Specs.git:
    - Alamofire
    - JWTDecode
    - KeychainAccess

SPEC CHECKSUMS:
  Alamofire: 68d7d521118d49c615a8d2214d87cdf525599d30
  JWTDecode: 83e8b381aafe27158d9f692cbdca2b12d61d460c
  KeychainAccess: 94c5540b32eabf7bc32bfb976a268e8ea05fd6da

PODFILE CHECKSUM: e47c44a69ab8ffe405684fc1b1a9cbc7eeb49b8e

COCOAPODS: 1.5.0
